
Microsoft Visual Studio Solution File, Format Version 12.00
# Visual Studio Version 17
VisualStudioVersion = 17.3.32929.385
MinimumVisualStudioVersion = 10.0.40219.1
Project("{FAE04EC0-301F-11D3-BF4B-00C04F79EFBC}") = "WebAssignmentt", "WebAssignmentt.csproj", "{A5D8DEBC-15E5-4940-B546-18EACDDFC846}"
EndProject
Global
	GlobalSection(SolutionConfigurationPlatforms) = preSolution
		Debug|Any CPU = Debug|Any CPU
		Release|Any CPU = Release|Any CPU
	EndGlobalSection
	GlobalSection(ProjectConfigurationPlatforms) = postSolution
		{A5D8DEBC-15E5-4940-B546-18EACDDFC846}.Debug|Any CPU.ActiveCfg = Debug|Any CPU
		{A5D8DEBC-15E5-4940-B546-18EACDDFC846}.Debug|Any CPU.Build.0 = Debug|Any CPU
		{A5D8DEBC-15E5-4940-B546-18EACDDFC846}.Release|Any CPU.ActiveCfg = Release|Any CPU
		{A5D8DEBC-15E5-4940-B546-18EACDDFC846}.Release|Any CPU.Build.0 = Release|Any CPU
	EndGlobalSection
	GlobalSection(SolutionProperties) = preSolution
		HideSolutionNode = FALSE
	EndGlobalSection
	GlobalSection(ExtensibilityGlobals) = postSolution
		SolutionGuid = {77D299A1-DF23-4E75-A5C2-230829F951E7}
	EndGlobalSection
EndGlobal
